hash: f3e2ea01bbbd2ebf1eaecd5007f121f4421ac82d2f45577fac8374cd71587aa7
updated: 2017-10-16T22:06:37.924478548+01:00
imports:
- name: github.com/alecthomas/template
  version: a0175ee3bccc567396460bf5acd36800cb10c49c
  subpackages:
  - parse
- name: github.com/alecthomas/units
  version: 2efee857e7cfd4f3d0138cc3cbb1b4966962b93a
- name: github.com/sirupsen/logrus
  version: 89742aefa4b206dcf400792f3bd35b542998eb3b
- name: golang.org/x/crypto
  version: 7d9177d70076375b9a59c8fde23d52d9c4a7ecd5
  subpackages:
  - ssh/terminal
- name: golang.org/x/sys
  version: 0b25a408a50076fbbcae6b7ac0ea5fbb0b085e79
  subpackages:
  - unix
  - windows
- name: gopkg.in/alecthomas/kingpin.v2
  version: 1087e65c9441605df944fb12c33f0fe7072d18ca
testImports: []
